<?xml version="1.0" encoding="utf-8"?>
<Project ToolsVersion="4.0" xmlns="http://schemas.microsoft.com/developer/msbuild/2003">
  <ItemGroup>
    <ClCompile Include="..\..\code\client\qal.c" />
    <ClCompile Include="..\..\code\qcommon\common.c" />
    <ClCompile Include="..\..\code\sys\con_log.c" />
    <ClCompile Include="..\..\code\sys\con_passive.c" />
    <ClCompile Include="..\..\code\sys\sys_autoupdater.c" />
    <ClCompile Include="..\..\code\sys\sys_main.c" />
    <ClCompile Include="..\..\code\sys\sys_win32.c" />
    <ClCompile Include="..\..\code\botlib\be_aas_bspq3.c">
      <Filter>botlib</Filter>
    </ClCompile>
    <ClCompile Include="..\..\code\botlib\be_aas_cluster.c">
      <Filter>botlib</Filter>
    </ClCompile>
    <ClCompile Include="..\..\code\botlib\be_aas_debug.c">
      <Filter>botlib</Filter>
    </ClCompile>
    <ClCompile Include="..\..\code\botlib\be_aas_entity.c">
      <Filter>botlib</Filter>
    </ClCompile>
    <ClCompile Include="..\..\code\botlib\be_aas_file.c">
      <Filter>botlib</Filter>
    </ClCompile>
    <ClCompile Include="..\..\code\botlib\be_aas_main.c">
      <Filter>botlib</Filter>
    </ClCompile>
    <ClCompile Include="..\..\code\botlib\be_aas_move.c">
      <Filter>botlib</Filter>
    </ClCompile>
    <ClCompile Include="..\..\code\botlib\be_aas_optimize.c">
      <Filter>botlib</Filter>
    </ClCompile>
    <ClCompile Include="..\..\code\botlib\be_aas_reach.c">
      <Filter>botlib</Filter>
    </ClCompile>
    <ClCompile Include="..\..\code\botlib\be_aas_route.c">
      <Filter>botlib</Filter>
    </ClCompile>
    <ClCompile Include="..\..\code\botlib\be_aas_routealt.c">
      <Filter>botlib</Filter>
    </ClCompile>
    <ClCompile Include="..\..\code\botlib\be_aas_sample.c">
      <Filter>botlib</Filter>
    </ClCompile>
    <ClCompile Include="..\..\code\botlib\be_ai_char.c">
      <Filter>botlib</Filter>
    </ClCompile>
    <ClCompile Include="..\..\code\botlib\be_ai_chat.c">
      <Filter>botlib</Filter>
    </ClCompile>
    <ClCompile Include="..\..\code\botlib\be_ai_gen.c">
      <Filter>botlib</Filter>
    </ClCompile>
    <ClCompile Include="..\..\code\botlib\be_ai_goal.c">
      <Filter>botlib</Filter>
    </ClCompile>
    <ClCompile Include="..\..\code\botlib\be_ai_move.c">
      <Filter>botlib</Filter>
    </ClCompile>
    <ClCompile Include="..\..\code\botlib\be_ai_weap.c">
      <Filter>botlib</Filter>
    </ClCompile>
    <ClCompile Include="..\..\code\botlib\be_ai_weight.c">
      <Filter>botlib</Filter>
    </ClCompile>
    <ClCompile Include="..\..\code\botlib\be_ea.c">
      <Filter>botlib</Filter>
    </ClCompile>
    <ClCompile Include="..\..\code\botlib\be_interface.c">
      <Filter>botlib</Filter>
    </ClCompile>
    <ClCompile Include="..\..\code\botlib\l_crc.c">
      <Filter>botlib</Filter>
    </ClCompile>
    <ClCompile Include="..\..\code\botlib\l_libvar.c">
      <Filter>botlib</Filter>
    </ClCompile>
    <ClCompile Include="..\..\code\botlib\l_log.c">
      <Filter>botlib</Filter>
    </ClCompile>
    <ClCompile Include="..\..\code\botlib\l_memory.c">
      <Filter>botlib</Filter>
    </ClCompile>
    <ClCompile Include="..\..\code\botlib\l_precomp.c">
      <Filter>botlib</Filter>
    </ClCompile>
    <ClCompile Include="..\..\code\botlib\l_script.c">
      <Filter>botlib</Filter>
    </ClCompile>
    <ClCompile Include="..\..\code\botlib\l_struct.c">
      <Filter>botlib</Filter>
    </ClCompile>
    <ClCompile Include="..\..\code\zlib\adler32.c">
      <Filter>zlib</Filter>
    </ClCompile>
    <ClCompile Include="..\..\code\zlib\crc32.c">
      <Filter>zlib</Filter>
    </ClCompile>
    <ClCompile Include="..\..\code\zlib\inffast.c">
      <Filter>zlib</Filter>
    </ClCompile>
    <ClCompile Include="..\..\code\zlib\inflate.c">
      <Filter>zlib</Filter>
    </ClCompile>
    <ClCompile Include="..\..\code\zlib\inftrees.c">
      <Filter>zlib</Filter>
    </ClCompile>
    <ClCompile Include="..\..\code\zlib\zutil.c">
      <Filter>zlib</Filter>
    </ClCompile>
    <ClCompile Include="..\..\code\opus-1.2.1\celt\bands.c" />
    <ClCompile Include="..\..\code\opus-1.2.1\celt\celt.c" />
    <ClCompile Include="..\..\code\opus-1.2.1\celt\celt_decoder.c" />
    <ClCompile Include="..\..\code\opus-1.2.1\celt\celt_encoder.c" />
    <ClCompile Include="..\..\code\opus-1.2.1\celt\celt_lpc.c" />
    <ClCompile Include="..\..\code\opus-1.2.1\celt\cwrs.c" />
    <ClCompile Include="..\..\code\opus-1.2.1\celt\entcode.c" />
    <ClCompile Include="..\..\code\opus-1.2.1\celt\entdec.c" />
    <ClCompile Include="..\..\code\opus-1.2.1\celt\entenc.c" />
    <ClCompile Include="..\..\code\opus-1.2.1\celt\kiss_fft.c" />
    <ClCompile Include="..\..\code\opus-1.2.1\celt\laplace.c" />
    <ClCompile Include="..\..\code\opus-1.2.1\celt\mathops.c" />
    <ClCompile Include="..\..\code\opus-1.2.1\celt\mdct.c" />
    <ClCompile Include="..\..\code\opus-1.2.1\celt\modes.c" />
    <ClCompile Include="..\..\code\opus-1.2.1\celt\pitch.c" />
    <ClCompile Include="..\..\code\opus-1.2.1\celt\quant_bands.c" />
    <ClCompile Include="..\..\code\opus-1.2.1\celt\rate.c" />
    <ClCompile Include="..\..\code\opus-1.2.1\celt\vq.c" />
    <ClCompile Include="..\..\code\opus-1.2.1\silk\A2NLSF.c" />
    <ClCompile Include="..\..\code\opus-1.2.1\silk\ana_filt_bank_1.c" />
    <ClCompile Include="..\..\code\opus-1.2.1\silk\biquad_alt.c" />
    <ClCompile Include="..\..\code\opus-1.2.1\silk\bwexpander.c" />
    <ClCompile Include="..\..\code\opus-1.2.1\silk\bwexpander_32.c" />
    <ClCompile Include="..\..\code\opus-1.2.1\silk\check_control_input.c" />
    <ClCompile Include="..\..\code\opus-1.2.1\silk\CNG.c" />
    <ClCompile Include="..\..\code\opus-1.2.1\silk\code_signs.c" />
    <ClCompile Include="..\..\code\opus-1.2.1\silk\control_audio_bandwidth.c" />
    <ClCompile Include="..\..\code\opus-1.2.1\silk\control_codec.c" />
    <ClCompile Include="..\..\code\opus-1.2.1\silk\control_SNR.c" />
    <ClCompile Include="..\..\code\opus-1.2.1\silk\debug.c" />
    <ClCompile Include="..\..\code\opus-1.2.1\silk\decoder_set_fs.c" />
    <ClCompile Include="..\..\code\opus-1.2.1\silk\decode_core.c" />
    <ClCompile Include="..\..\code\opus-1.2.1\silk\decode_frame.c" />
    <ClCompile Include="..\..\code\opus-1.2.1\silk\decode_indices.c" />
    <ClCompile Include="..\..\code\opus-1.2.1\silk\decode_parameters.c" />
    <ClCompile Include="..\..\code\opus-1.2.1\silk\decode_pitch.c" />
    <ClCompile Include="..\..\code\opus-1.2.1\silk\decode_pulses.c" />
    <ClCompile Include="..\..\code\opus-1.2.1\silk\dec_API.c" />
    <ClCompile Include="..\..\code\opus-1.2.1\silk\encode_indices.c" />
    <ClCompile Include="..\..\code\opus-1.2.1\silk\encode_pulses.c" />
    <ClCompile Include="..\..\code\opus-1.2.1\silk\enc_API.c" />
    <ClCompile Include="..\..\code\opus-1.2.1\silk\float\apply_sine_window_FLP.c" />
    <ClCompile Include="..\..\code\opus-1.2.1\silk\float\autocorrelation_FLP.c" />
    <ClCompile Include="..\..\code\opus-1.2.1\silk\float\burg_modified_FLP.c" />
    <ClCompile Include="..\..\code\opus-1.2.1\silk\float\bwexpander_FLP.c" />
    <ClCompile Include="..\..\code\opus-1.2.1\silk\float\corrMatrix_FLP.c" />
    <ClCompile Include="..\..\code\opus-1.2.1\silk\float\encode_frame_FLP.c" />
    <ClCompile Include="..\..\code\opus-1.2.1\silk\float\energy_FLP.c" />
    <ClCompile Include="..\..\code\opus-1.2.1\silk\float\find_LPC_FLP.c" />
    <ClCompile Include="..\..\code\opus-1.2.1\silk\float\find_LTP_FLP.c" />
    <ClCompile Include="..\..\code\opus-1.2.1\silk\float\find_pitch_lags_FLP.c" />
    <ClCompile Include="..\..\code\opus-1.2.1\silk\float\find_pred_coefs_FLP.c" />
    <ClCompile Include="..\..\code\opus-1.2.1\silk\float\inner_product_FLP.c" />
    <ClCompile Include="..\..\code\opus-1.2.1\silk\float\k2a_FLP.c" />
    <ClCompile Include="..\..\code\opus-1.2.1\silk\float\LPC_analysis_filter_FLP.c" />
    <ClCompile Include="..\..\code\opus-1.2.1\silk\float\LPC_inv_pred_gain_FLP.c" />
    <ClCompile Include="..\..\code\opus-1.2.1\silk\float\LTP_analysis_filter_FLP.c" />
    <ClCompile Include="..\..\code\opus-1.2.1\silk\float\LTP_scale_ctrl_FLP.c" />
    <ClCompile Include="..\..\code\opus-1.2.1\silk\float\noise_shape_analysis_FLP.c" />
    <ClCompile Include="..\..\code\opus-1.2.1\silk\float\pitch_analysis_core_FLP.c" />
    <ClCompile Include="..\..\code\opus-1.2.1\silk\float\process_gains_FLP.c" />
    <ClCompile Include="..\..\code\opus-1.2.1\silk\float\regularize_correlations_FLP.c" />
    <ClCompile Include="..\..\code\opus-1.2.1\silk\float\residual_energy_FLP.c" />
    <ClCompile Include="..\..\code\opus-1.2.1\silk\float\scale_copy_vector_FLP.c" />
    <ClCompile Include="..\..\code\opus-1.2.1\silk\float\scale_vector_FLP.c" />
    <ClCompile Include="..\..\code\opus-1.2.1\silk\float\schur_FLP.c" />
    <ClCompile Include="..\..\code\opus-1.2.1\silk\float\sort_FLP.c" />
    <ClCompile Include="..\..\code\opus-1.2.1\silk\float\warped_autocorrelation_FLP.c" />
    <ClCompile Include="..\..\code\opus-1.2.1\silk\float\wrappers_FLP.c" />
    <ClCompile Include="..\..\code\opus-1.2.1\silk\gain_quant.c" />
    <ClCompile Include="..\..\code\opus-1.2.1\silk\HP_variable_cutoff.c" />
    <ClCompile Include="..\..\code\opus-1.2.1\silk\init_decoder.c" />
    <ClCompile Include="..\..\code\opus-1.2.1\silk\init_encoder.c" />
    <ClCompile Include="..\..\code\opus-1.2.1\silk\inner_prod_aligned.c" />
    <ClCompile Include="..\..\code\opus-1.2.1\silk\interpolate.c" />
    <ClCompile Include="..\..\code\opus-1.2.1\silk\lin2log.c" />
    <ClCompile Include="..\..\code\opus-1.2.1\silk\log2lin.c" />
    <ClCompile Include="..\..\code\opus-1.2.1\silk\LPC_analysis_filter.c" />
    <ClCompile Include="..\..\code\opus-1.2.1\silk\LPC_fit.c" />
    <ClCompile Include="..\..\code\opus-1.2.1\silk\LPC_inv_pred_gain.c" />
    <ClCompile Include="..\..\code\opus-1.2.1\silk\LP_variable_cutoff.c" />
    <ClCompile Include="..\..\code\opus-1.2.1\silk\NLSF2A.c" />
    <ClCompile Include="..\..\code\opus-1.2.1\silk\NLSF_decode.c" />
    <ClCompile Include="..\..\code\opus-1.2.1\silk\NLSF_del_dec_quant.c" />
    <ClCompile Include="..\..\code\opus-1.2.1\silk\NLSF_encode.c" />
    <ClCompile Include="..\..\code\opus-1.2.1\silk\NLSF_stabilize.c" />
    <ClCompile Include="..\..\code\opus-1.2.1\silk\NLSF_unpack.c" />
    <ClCompile Include="..\..\code\opus-1.2.1\silk\NLSF_VQ.c" />
    <ClCompile Include="..\..\code\opus-1.2.1\silk\NLSF_VQ_weights_laroia.c" />
    <ClCompile Include="..\..\code\opus-1.2.1\silk\NSQ.c" />
    <ClCompile Include="..\..\code\opus-1.2.1\silk\NSQ_del_dec.c" />
    <ClCompile Include="..\..\code\opus-1.2.1\silk\pitch_est_tables.c" />
    <ClCompile Include="..\..\code\opus-1.2.1\silk\PLC.c" />
    <ClCompile Include="..\..\code\opus-1.2.1\silk\process_NLSFs.c" />
    <ClCompile Include="..\..\code\opus-1.2.1\silk\quant_LTP_gains.c" />
    <ClCompile Include="..\..\code\opus-1.2.1\silk\resampler.c" />
    <ClCompile Include="..\..\code\opus-1.2.1\silk\resampler_down2.c" />
    <ClCompile Include="..\..\code\opus-1.2.1\silk\resampler_down2_3.c" />
    <ClCompile Include="..\..\code\opus-1.2.1\silk\resampler_private_AR2.c" />
    <ClCompile Include="..\..\code\opus-1.2.1\silk\resampler_private_down_FIR.c" />
    <ClCompile Include="..\..\code\opus-1.2.1\silk\resampler_private_IIR_FIR.c" />
    <ClCompile Include="..\..\code\opus-1.2.1\silk\resampler_private_up2_HQ.c" />
    <ClCompile Include="..\..\code\opus-1.2.1\silk\resampler_rom.c" />
    <ClCompile Include="..\..\code\opus-1.2.1\silk\shell_coder.c" />
    <ClCompile Include="..\..\code\opus-1.2.1\silk\sigm_Q15.c" />
    <ClCompile Include="..\..\code\opus-1.2.1\silk\sort.c" />
    <ClCompile Include="..\..\code\opus-1.2.1\silk\stereo_decode_pred.c" />
    <ClCompile Include="..\..\code\opus-1.2.1\silk\stereo_encode_pred.c" />
    <ClCompile Include="..\..\code\opus-1.2.1\silk\stereo_find_predictor.c" />
    <ClCompile Include="..\..\code\opus-1.2.1\silk\stereo_LR_to_MS.c" />
    <ClCompile Include="..\..\code\opus-1.2.1\silk\stereo_MS_to_LR.c" />
    <ClCompile Include="..\..\code\opus-1.2.1\silk\stereo_quant_pred.c" />
    <ClCompile Include="..\..\code\opus-1.2.1\silk\sum_sqr_shift.c" />
    <ClCompile Include="..\..\code\opus-1.2.1\silk\tables_gain.c" />
    <ClCompile Include="..\..\code\opus-1.2.1\silk\tables_LTP.c" />
    <ClCompile Include="..\..\code\opus-1.2.1\silk\tables_NLSF_CB_NB_MB.c" />
    <ClCompile Include="..\..\code\opus-1.2.1\silk\tables_NLSF_CB_WB.c" />
    <ClCompile Include="..\..\code\opus-1.2.1\silk\tables_other.c" />
    <ClCompile Include="..\..\code\opus-1.2.1\silk\tables_pitch_lag.c" />
    <ClCompile Include="..\..\code\opus-1.2.1\silk\tables_pulses_per_block.c" />
    <ClCompile Include="..\..\code\opus-1.2.1\silk\table_LSF_cos.c" />
    <ClCompile Include="..\..\code\opus-1.2.1\silk\VAD.c" />
    <ClCompile Include="..\..\code\opus-1.2.1\silk\VQ_WMat_EC.c" />
    <ClCompile Include="..\..\code\opus-1.2.1\src\analysis.c" />
    <ClCompile Include="..\..\code\opus-1.2.1\src\mlp.c" />
    <ClCompile Include="..\..\code\opus-1.2.1\src\mlp_data.c" />
    <ClCompile Include="..\..\code\opus-1.2.1\src\opus.c" />
    <ClCompile Include="..\..\code\opus-1.2.1\src\opus_decoder.c" />
    <ClCompile Include="..\..\code\opus-1.2.1\src\opus_encoder.c" />
    <ClCompile Include="..\..\code\opus-1.2.1\src\opus_multistream.c" />
    <ClCompile Include="..\..\code\opus-1.2.1\src\opus_multistream_decoder.c" />
    <ClCompile Include="..\..\code\opus-1.2.1\src\opus_multistream_encoder.c" />
    <ClCompile Include="..\..\code\opus-1.2.1\src\repacketizer.c" />
    <ClCompile Include="..\..\code\jpeg-8c\jaricom.c">
      <Filter>jpeg</Filter>
    </ClCompile>
    <ClCompile Include="..\..\code\jpeg-8c\jcapimin.c">
      <Filter>jpeg</Filter>
    </ClCompile>
    <ClCompile Include="..\..\code\jpeg-8c\jcapistd.c">
      <Filter>jpeg</Filter>
    </ClCompile>
    <ClCompile Include="..\..\code\jpeg-8c\jcarith.c">
      <Filter>jpeg</Filter>
    </ClCompile>
    <ClCompile Include="..\..\code\jpeg-8c\jccoefct.c">
      <Filter>jpeg</Filter>
    </ClCompile>
    <ClCompile Include="..\..\code\jpeg-8c\jccolor.c">
      <Filter>jpeg</Filter>
    </ClCompile>
    <ClCompile Include="..\..\code\jpeg-8c\jcdctmgr.c">
      <Filter>jpeg</Filter>
    </ClCompile>
    <ClCompile Include="..\..\code\jpeg-8c\jchuff.c">
      <Filter>jpeg</Filter>
    </ClCompile>
    <ClCompile Include="..\..\code\jpeg-8c\jcinit.c">
      <Filter>jpeg</Filter>
    </ClCompile>
    <ClCompile Include="..\..\code\jpeg-8c\jcmainct.c">
      <Filter>jpeg</Filter>
    </ClCompile>
    <ClCompile Include="..\..\code\jpeg-8c\jcmarker.c">
      <Filter>jpeg</Filter>
    </ClCompile>
    <ClCompile Include="..\..\code\jpeg-8c\jcmaster.c">
      <Filter>jpeg</Filter>
    </ClCompile>
    <ClCompile Include="..\..\code\jpeg-8c\jcomapi.c">
      <Filter>jpeg</Filter>
    </ClCompile>
    <ClCompile Include="..\..\code\jpeg-8c\jcparam.c">
      <Filter>jpeg</Filter>
    </ClCompile>
    <ClCompile Include="..\..\code\jpeg-8c\jcprepct.c">
      <Filter>jpeg</Filter>
    </ClCompile>
    <ClCompile Include="..\..\code\jpeg-8c\jcsample.c">
      <Filter>jpeg</Filter>
    </ClCompile>
    <ClCompile Include="..\..\code\jpeg-8c\jctrans.c">
      <Filter>jpeg</Filter>
    </ClCompile>
    <ClCompile Include="..\..\code\jpeg-8c\jdapimin.c">
      <Filter>jpeg</Filter>
    </ClCompile>
    <ClCompile Include="..\..\code\jpeg-8c\jdapistd.c">
      <Filter>jpeg</Filter>
    </ClCompile>
    <ClCompile Include="..\..\code\jpeg-8c\jdarith.c">
      <Filter>jpeg</Filter>
    </ClCompile>
    <ClCompile Include="..\..\code\jpeg-8c\jdatadst.c">
      <Filter>jpeg</Filter>
    </ClCompile>
    <ClCompile Include="..\..\code\jpeg-8c\jdatasrc.c">
      <Filter>jpeg</Filter>
    </ClCompile>
    <ClCompile Include="..\..\code\jpeg-8c\jdcoefct.c">
      <Filter>jpeg</Filter>
    </ClCompile>
    <ClCompile Include="..\..\code\jpeg-8c\jdcolor.c">
      <Filter>jpeg</Filter>
    </ClCompile>
    <ClCompile Include="..\..\code\jpeg-8c\jddctmgr.c">
      <Filter>jpeg</Filter>
    </ClCompile>
    <ClCompile Include="..\..\code\jpeg-8c\jdhuff.c">
      <Filter>jpeg</Filter>
    </ClCompile>
    <ClCompile Include="..\..\code\jpeg-8c\jdinput.c">
      <Filter>jpeg</Filter>
    </ClCompile>
    <ClCompile Include="..\..\code\jpeg-8c\jdmainct.c">
      <Filter>jpeg</Filter>
    </ClCompile>
    <ClCompile Include="..\..\code\jpeg-8c\jdmarker.c">
      <Filter>jpeg</Filter>
    </ClCompile>
    <ClCompile Include="..\..\code\jpeg-8c\jdmaster.c">
      <Filter>jpeg</Filter>
    </ClCompile>
    <ClCompile Include="..\..\code\jpeg-8c\jdmerge.c">
      <Filter>jpeg</Filter>
    </ClCompile>
    <ClCompile Include="..\..\code\jpeg-8c\jdpostct.c">
      <Filter>jpeg</Filter>
    </ClCompile>
    <ClCompile Include="..\..\code\jpeg-8c\jdsample.c">
      <Filter>jpeg</Filter>
    </ClCompile>
    <ClCompile Include="..\..\code\jpeg-8c\jdtrans.c">
      <Filter>jpeg</Filter>
    </ClCompile>
    <ClCompile Include="..\..\code\jpeg-8c\jerror.c">
      <Filter>jpeg</Filter>
    </ClCompile>
    <ClCompile Include="..\..\code\jpeg-8c\jfdctflt.c">
      <Filter>jpeg</Filter>
    </ClCompile>
    <ClCompile Include="..\..\code\jpeg-8c\jfdctfst.c">
      <Filter>jpeg</Filter>
    </ClCompile>
    <ClCompile Include="..\..\code\jpeg-8c\jfdctint.c">
      <Filter>jpeg</Filter>
    </ClCompile>
    <ClCompile Include="..\..\code\jpeg-8c\jidctflt.c">
      <Filter>jpeg</Filter>
    </ClCompile>
    <ClCompile Include="..\..\code\jpeg-8c\jidctfst.c">
      <Filter>jpeg</Filter>
    </ClCompile>
    <ClCompile Include="..\..\code\jpeg-8c\jidctint.c">
      <Filter>jpeg</Filter>
    </ClCompile>
    <ClCompile Include="..\..\code\jpeg-8c\jmemmgr.c">
      <Filter>jpeg</Filter>
    </ClCompile>
    <ClCompile Include="..\..\code\jpeg-8c\jmemnobs.c">
      <Filter>jpeg</Filter>
    </ClCompile>
    <ClCompile Include="..\..\code\jpeg-8c\jquant1.c">
      <Filter>jpeg</Filter>
    </ClCompile>
    <ClCompile Include="..\..\code\jpeg-8c\jquant2.c">
      <Filter>jpeg</Filter>
    </ClCompile>
    <ClCompile Include="..\..\code\jpeg-8c\jutils.c">
      <Filter>jpeg</Filter>
    </ClCompile>
    <ClCompile Include="..\..\build\dynamic\renderergl2\bokeh_fp.c">
      <Filter>dynamic</Filter>
    </ClCompile>
    <ClCompile Include="..\..\build\dynamic\renderergl2\bokeh_vp.c">
      <Filter>dynamic</Filter>
    </ClCompile>
    <ClCompile Include="..\..\build\dynamic\renderergl2\calclevels4x_fp.c">
      <Filter>dynamic</Filter>
    </ClCompile>
    <ClCompile Include="..\..\build\dynamic\renderergl2\calclevels4x_vp.c">
      <Filter>dynamic</Filter>
    </ClCompile>
    <ClCompile Include="..\..\build\dynamic\renderergl2\depthblur_fp.c">
      <Filter>dynamic</Filter>
    </ClCompile>
    <ClCompile Include="..\..\build\dynamic\renderergl2\depthblur_vp.c">
      <Filter>dynamic</Filter>
    </ClCompile>
    <ClCompile Include="..\..\build\dynamic\renderergl2\dlight_fp.c">
      <Filter>dynamic</Filter>
    </ClCompile>
    <ClCompile Include="..\..\build\dynamic\renderergl2\dlight_vp.c">
      <Filter>dynamic</Filter>
    </ClCompile>
    <ClCompile Include="..\..\build\dynamic\renderergl2\down4x_fp.c">
      <Filter>dynamic</Filter>
    </ClCompile>
    <ClCompile Include="..\..\build\dynamic\renderergl2\down4x_vp.c">
      <Filter>dynamic</Filter>
    </ClCompile>
    <ClCompile Include="..\..\build\dynamic\renderergl2\fogpass_fp.c">
      <Filter>dynamic</Filter>
    </ClCompile>
    <ClCompile Include="..\..\build\dynamic\renderergl2\fogpass_vp.c">
      <Filter>dynamic</Filter>
    </ClCompile>
    <ClCompile Include="..\..\build\dynamic\renderergl2\generic_fp.c">
      <Filter>dynamic</Filter>
    </ClCompile>
    <ClCompile Include="..\..\build\dynamic\renderergl2\generic_vp.c">
      <Filter>dynamic</Filter>
    </ClCompile>
    <ClCompile Include="..\..\build\dynamic\renderergl2\lightall_fp.c">
      <Filter>dynamic</Filter>
    </ClCompile>
    <ClCompile Include="..\..\build\dynamic\renderergl2\lightall_vp.c">
      <Filter>dynamic</Filter>
    </ClCompile>
    <ClCompile Include="..\..\build\dynamic\renderergl2\pshadow_fp.c">
      <Filter>dynamic</Filter>
    </ClCompile>
    <ClCompile Include="..\..\build\dynamic\renderergl2\pshadow_vp.c">
      <Filter>dynamic</Filter>
    </ClCompile>
    <ClCompile Include="..\..\build\dynamic\renderergl2\shadowfill_fp.c">
      <Filter>dynamic</Filter>
    </ClCompile>
    <ClCompile Include="..\..\build\dynamic\renderergl2\shadowfill_vp.c">
      <Filter>dynamic</Filter>
    </ClCompile>
    <ClCompile Include="..\..\build\dynamic\renderergl2\shadowmask_fp.c">
      <Filter>dynamic</Filter>
    </ClCompile>
    <ClCompile Include="..\..\build\dynamic\renderergl2\shadowmask_vp.c">
      <Filter>dynamic</Filter>
    </ClCompile>
    <ClCompile Include="..\..\build\dynamic\renderergl2\ssao_fp.c">
      <Filter>dynamic</Filter>
    </ClCompile>
    <ClCompile Include="..\..\build\dynamic\renderergl2\ssao_vp.c">
      <Filter>dynamic</Filter>
    </ClCompile>
    <ClCompile Include="..\..\build\dynamic\renderergl2\texturecolor_fp.c">
      <Filter>dynamic</Filter>
    </ClCompile>
    <ClCompile Include="..\..\build\dynamic\renderergl2\texturecolor_vp.c">
      <Filter>dynamic</Filter>
    </ClCompile>
    <ClCompile Include="..\..\build\dynamic\renderergl2\tonemap_fp.c">
      <Filter>dynamic</Filter>
    </ClCompile>
    <ClCompile Include="..\..\build\dynamic\renderergl2\tonemap_vp.c">
      <Filter>dynamic</Filter>
    </ClCompile>
    <ClCompile Include="..\..\code\renderergl2\tr_animation.c">
      <Filter>renderergl2</Filter>
    </ClCompile>
    <ClCompile Include="..\..\code\renderergl2\tr_backend.c">
      <Filter>renderergl2</Filter>
    </ClCompile>
    <ClCompile Include="..\..\code\renderergl2\tr_bsp.c">
      <Filter>renderergl2</Filter>
    </ClCompile>
    <ClCompile Include="..\..\code\renderergl2\tr_cmds.c">
      <Filter>renderergl2</Filter>
    </ClCompile>
    <ClCompile Include="..\..\code\renderergl2\tr_curve.c">
      <Filter>renderergl2</Filter>
    </ClCompile>
    <ClCompile Include="..\..\code\renderergl2\tr_dsa.c">
      <Filter>renderergl2</Filter>
    </ClCompile>
    <ClCompile Include="..\..\code\renderergl2\tr_extensions.c">
      <Filter>renderergl2</Filter>
    </ClCompile>
    <ClCompile Include="..\..\code\renderergl2\tr_extramath.c">
      <Filter>renderergl2</Filter>
    </ClCompile>
    <ClCompile Include="..\..\code\renderergl2\tr_fbo.c">
      <Filter>renderergl2</Filter>
    </ClCompile>
    <ClCompile Include="..\..\code\renderergl2\tr_flares.c">
      <Filter>renderergl2</Filter>
    </ClCompile>
    <ClCompile Include="..\..\code\renderergl2\tr_glsl.c">
      <Filter>renderergl2</Filter>
    </ClCompile>
    <ClCompile Include="..\..\code\renderergl2\tr_image.c">
      <Filter>renderergl2</Filter>
    </ClCompile>
    <ClCompile Include="..\..\code\renderergl2\tr_image_dds.c">
      <Filter>renderergl2</Filter>
    </ClCompile>
    <ClCompile Include="..\..\code\renderergl2\tr_init.c">
      <Filter>renderergl2</Filter>
    </ClCompile>
    <ClCompile Include="..\..\code\renderergl2\tr_light.c">
      <Filter>renderergl2</Filter>
    </ClCompile>
    <ClCompile Include="..\..\code\renderergl2\tr_main.c">
      <Filter>renderergl2</Filter>
    </ClCompile>
    <ClCompile Include="..\..\code\renderergl2\tr_marks.c">
      <Filter>renderergl2</Filter>
    </ClCompile>
    <ClCompile Include="..\..\code\renderergl2\tr_mesh.c">
      <Filter>renderergl2</Filter>
    </ClCompile>
    <ClCompile Include="..\..\code\renderergl2\tr_model.c">
      <Filter>renderergl2</Filter>
    </ClCompile>
    <ClCompile Include="..\..\code\renderergl2\tr_model_iqm.c">
      <Filter>renderergl2</Filter>
    </ClCompile>
    <ClCompile Include="..\..\code\renderergl2\tr_postprocess.c">
      <Filter>renderergl2</Filter>
    </ClCompile>
    <ClCompile Include="..\..\code\renderergl2\tr_scene.c">
      <Filter>renderergl2</Filter>
    </ClCompile>
    <ClCompile Include="..\..\code\renderergl2\tr_shade.c">
      <Filter>renderergl2</Filter>
    </ClCompile>
    <ClCompile Include="..\..\code\renderergl2\tr_shade_calc.c">
      <Filter>renderergl2</Filter>
    </ClCompile>
    <ClCompile Include="..\..\code\renderergl2\tr_shader.c">
      <Filter>renderergl2</Filter>
    </ClCompile>
    <ClCompile Include="..\..\code\renderergl2\tr_shadows.c">
      <Filter>renderergl2</Filter>
    </ClCompile>
    <ClCompile Include="..\..\code\renderergl2\tr_sky.c">
      <Filter>renderergl2</Filter>
    </ClCompile>
    <ClCompile Include="..\..\code\renderergl2\tr_subs.c">
      <Filter>renderergl2</Filter>
    </ClCompile>
    <ClCompile Include="..\..\code\renderergl2\tr_surface.c">
      <Filter>renderergl2</Filter>
    </ClCompile>
    <ClCompile Include="..\..\code\renderergl2\tr_vbo.c">
      <Filter>renderergl2</Filter>
    </ClCompile>
    <ClCompile Include="..\..\code\renderergl2\tr_world.c">
      <Filter>renderergl2</Filter>
    </ClCompile>
    <ClCompile Include="..\..\code\renderercommon\tr_font.c">
      <Filter>renderercommon</Filter>
    </ClCompile>
    <ClCompile Include="..\..\code\renderercommon\tr_image_bmp.c">
      <Filter>renderercommon</Filter>
    </ClCompile>
    <ClCompile Include="..\..\code\renderercommon\tr_image_jpg.c">
      <Filter>renderercommon</Filter>
    </ClCompile>
    <ClCompile Include="..\..\code\renderercommon\tr_image_pcx.c">
      <Filter>renderercommon</Filter>
    </ClCompile>
    <ClCompile Include="..\..\code\renderercommon\tr_image_png.c">
      <Filter>renderercommon</Filter>
    </ClCompile>
    <ClCompile Include="..\..\code\renderercommon\tr_image_tga.c">
      <Filter>renderercommon</Filter>
    </ClCompile>
    <ClCompile Include="..\..\code\renderercommon\tr_noise.c">
      <Filter>renderercommon</Filter>
    </ClCompile>
    <ClCompile Include="..\..\code\sdl\sdl_input.c">
      <Filter>sdl2</Filter>
    </ClCompile>
    <ClCompile Include="..\..\code\sdl\sdl_snd.c">
      <Filter>sdl2</Filter>
    </ClCompile>
    <ClCompile Include="..\..\code\sdl\sdl_gamma.c">
      <Filter>sdl2</Filter>
    </ClCompile>
    <ClCompile Include="..\..\code\sdl\sdl_glimp.c">
      <Filter>sdl2</Filter>
    </ClCompile>
    <ClCompile Include="..\..\code\client\cl_avi.c">
      <Filter>client</Filter>
    </ClCompile>
    <ClCompile Include="..\..\code\client\cl_cgame.c">
      <Filter>client</Filter>
    </ClCompile>
    <ClCompile Include="..\..\code\client\cl_cin.c">
      <Filter>client</Filter>
    </ClCompile>
    <ClCompile Include="..\..\code\client\cl_console.c">
      <Filter>client</Filter>
    </ClCompile>
    <ClCompile Include="..\..\code\client\cl_curl.c">
      <Filter>client</Filter>
    </ClCompile>
    <ClCompile Include="..\..\code\client\cl_input.c">
      <Filter>client</Filter>
    </ClCompile>
    <ClCompile Include="..\..\code\client\cl_keys.c">
      <Filter>client</Filter>
    </ClCompile>
    <ClCompile Include="..\..\code\client\cl_main.c">
      <Filter>client</Filter>
    </ClCompile>
    <ClCompile Include="..\..\code\client\cl_net_chan.c">
      <Filter>client</Filter>
    </ClCompile>
    <ClCompile Include="..\..\code\client\cl_parse.c">
      <Filter>client</Filter>
    </ClCompile>
    <ClCompile Include="..\..\code\client\cl_scrn.c">
      <Filter>client</Filter>
    </ClCompile>
    <ClCompile Include="..\..\code\client\cl_ui.c">
      <Filter>client</Filter>
    </ClCompile>
    <ClCompile Include="..\..\code\qcommon\cm_load.c">
      <Filter>qcommon</Filter>
    </ClCompile>
    <ClCompile Include="..\..\code\qcommon\cm_patch.c">
      <Filter>qcommon</Filter>
    </ClCompile>
    <ClCompile Include="..\..\code\qcommon\cm_polylib.c">
      <Filter>qcommon</Filter>
    </ClCompile>
    <ClCompile Include="..\..\code\qcommon\cm_test.c">
      <Filter>qcommon</Filter>
    </ClCompile>
    <ClCompile Include="..\..\code\qcommon\cmd.c">
      <Filter>qcommon</Filter>
    </ClCompile>
    <ClCompile Include="..\..\code\qcommon\cvar.c">
      <Filter>qcommon</Filter>
    </ClCompile>
    <ClCompile Include="..\..\code\qcommon\files.c">
      <Filter>qcommon</Filter>
    </ClCompile>
    <ClCompile Include="..\..\code\qcommon\huffman.c">
      <Filter>qcommon</Filter>
    </ClCompile>
    <ClCompile Include="..\..\code\qcommon\ioapi.c">
      <Filter>qcommon</Filter>
    </ClCompile>
    <ClCompile Include="..\..\code\qcommon\md4.c">
      <Filter>qcommon</Filter>
    </ClCompile>
    <ClCompile Include="..\..\code\qcommon\md5.c">
      <Filter>qcommon</Filter>
    </ClCompile>
    <ClCompile Include="..\..\code\qcommon\msg.c">
      <Filter>qcommon</Filter>
    </ClCompile>
    <ClCompile Include="..\..\code\qcommon\net_chan.c">
      <Filter>qcommon</Filter>
    </ClCompile>
    <ClCompile Include="..\..\code\qcommon\net_ip.c">
      <Filter>qcommon</Filter>
    </ClCompile>
    <ClCompile Include="..\..\code\qcommon\puff.c">
      <Filter>qcommon</Filter>
    </ClCompile>
    <ClCompile Include="..\..\code\qcommon\q_math.c">
      <Filter>qcommon</Filter>
    </ClCompile>
    <ClCompile Include="..\..\code\qcommon\q_shared.c">
      <Filter>qcommon</Filter>
    </ClCompile>
    <ClCompile Include="..\..\code\qcommon\unzip.c">
      <Filter>qcommon</Filter>
    </ClCompile>
    <ClCompile Include="..\..\code\qcommon\vm.c">
      <Filter>qcommon</Filter>
    </ClCompile>
    <ClCompile Include="..\..\code\qcommon\vm_interpreted.c">
      <Filter>qcommon</Filter>
    </ClCompile>
    <ClCompile Include="..\..\code\qcommon\vm_x86.c">
      <Filter>qcommon</Filter>
    </ClCompile>
    <ClCompile Include="..\..\code\client\snd_adpcm.c">
      <Filter>snd</Filter>
    </ClCompile>
    <ClCompile Include="..\..\code\client\snd_codec.c">
      <Filter>snd</Filter>
    </ClCompile>
    <ClCompile Include="..\..\code\client\snd_codec_ogg.c">
      <Filter>snd</Filter>
    </ClCompile>
    <ClCompile Include="..\..\code\client\snd_codec_wav.c">
      <Filter>snd</Filter>
    </ClCompile>
    <ClCompile Include="..\..\code\client\snd_dma.c">
      <Filter>snd</Filter>
    </ClCompile>
    <ClCompile Include="..\..\code\client\snd_main.c">
      <Filter>snd</Filter>
    </ClCompile>
    <ClCompile Include="..\..\code\client\snd_mem.c">
      <Filter>snd</Filter>
    </ClCompile>
    <ClCompile Include="..\..\code\client\snd_mix.c">
      <Filter>snd</Filter>
    </ClCompile>
    <ClCompile Include="..\..\code\client\snd_openal.c">
      <Filter>snd</Filter>
    </ClCompile>
    <ClCompile Include="..\..\code\client\snd_wavelet.c">
      <Filter>snd</Filter>
    </ClCompile>
    <ClCompile Include="..\..\code\server\sv_world.c">
      <Filter>sv</Filter>
    </ClCompile>
    <ClCompile Include="..\..\code\server\sv_bot.c">
      <Filter>sv</Filter>
    </ClCompile>
    <ClCompile Include="..\..\code\server\sv_ccmds.c">
      <Filter>sv</Filter>
    </ClCompile>
    <ClCompile Include="..\..\code\server\sv_client.c">
      <Filter>sv</Filter>
    </ClCompile>
    <ClCompile Include="..\..\code\server\sv_game.c">
      <Filter>sv</Filter>
    </ClCompile>
    <ClCompile Include="..\..\code\server\sv_init.c">
      <Filter>sv</Filter>
    </ClCompile>
    <ClCompile Include="..\..\code\server\sv_main.c">
      <Filter>sv</Filter>
    </ClCompile>
    <ClCompile Include="..\..\code\server\sv_net_chan.c">
      <Filter>sv</Filter>
    </ClCompile>
    <ClCompile Include="..\..\code\server\sv_snapshot.c">
      <Filter>sv</Filter>
    </ClCompile>
    <ClCompile Include="..\..\code\imgui\imgui.cpp">
      <Filter>imgui</Filter>
    </ClCompile>
    <ClCompile Include="..\..\code\imgui\imgui_demo.cpp">
      <Filter>imgui</Filter>
    </ClCompile>
    <ClCompile Include="..\..\code\imgui\imgui_draw.cpp">
      <Filter>imgui</Filter>
    </ClCompile>
    <ClCompile Include="..\..\code\imgui\imgui_widgets.cpp">
      <Filter>imgui</Filter>
    </ClCompile>
    <ClCompile Include="..\..\code\imgui\imgui_impl_opengl3.cpp">
      <Filter>imgui</Filter>
    </ClCompile>
    <ClCompile Include="..\..\code\imgui\imgui_impl_sdl.cpp">
      <Filter>imgui</Filter>
    </ClCompile>
    <ClCompile Include="..\..\code\gl3w\GL\gl3w.c">
      <Filter>gl3w\GL</Filter>
    </ClCompile>
    <ClCompile Include="..\..\code\imgui\imgui_api.cpp">
      <Filter>imgui</Filter>
    </ClCompile>
    <ClCompile Include="..\..\code\qcommon\cm_trace.cpp">
      <Filter>qcommon</Filter>
    </ClCompile>
    <ClCompile Include="..\..\code\bullet\bullet_init.cpp">
      <Filter>bullet</Filter>
    </ClCompile>
  </ItemGroup>
  <ItemGroup>
    <ClInclude Include="..\..\code\cgame\cg_public.h" />
    <ClInclude Include="..\..\code\client\keycodes.h" />
    <ClInclude Include="..\..\code\client\keys.h" />
    <ClInclude Include="..\..\code\client\qal.h" />
    <ClInclude Include="..\..\code\game\bg_public.h" />
    <ClInclude Include="..\..\code\game\g_public.h" />
    <ClInclude Include="..\..\code\renderercommon\qgl.h" />
    <ClInclude Include="..\..\code\renderercommon\tr_types.h" />
    <ClInclude Include="..\..\code\renderercommon\tr_public.h" />
    <ClInclude Include="..\..\code\server\server.h" />
    <ClInclude Include="..\..\code\sys\win_resource.h" />
    <ClInclude Include="..\..\code\ui\ui_public.h" />
    <ClInclude Include="..\..\code\botlib\aasfile.h">
      <Filter>botlib</Filter>
    </ClInclude>
    <ClInclude Include="..\..\code\botlib\be_aas_bsp.h">
      <Filter>botlib</Filter>
    </ClInclude>
    <ClInclude Include="..\..\code\botlib\be_aas_cluster.h">
      <Filter>botlib</Filter>
    </ClInclude>
    <ClInclude Include="..\..\code\botlib\be_aas_debug.h">
      <Filter>botlib</Filter>
    </ClInclude>
    <ClInclude Include="..\..\code\botlib\be_aas_def.h">
      <Filter>botlib</Filter>
    </ClInclude>
    <ClInclude Include="..\..\code\botlib\be_aas_entity.h">
      <Filter>botlib</Filter>
    </ClInclude>
    <ClInclude Include="..\..\code\botlib\be_aas_file.h">
      <Filter>botlib</Filter>
    </ClInclude>
    <ClInclude Include="..\..\code\botlib\be_aas_funcs.h">
      <Filter>botlib</Filter>
    </ClInclude>
    <ClInclude Include="..\..\code\botlib\be_aas_main.h">
      <Filter>botlib</Filter>
    </ClInclude>
    <ClInclude Include="..\..\code\botlib\be_aas_move.h">
      <Filter>botlib</Filter>
    </ClInclude>
    <ClInclude Include="..\..\code\botlib\be_aas_optimize.h">
      <Filter>botlib</Filter>
    </ClInclude>
    <ClInclude Include="..\..\code\botlib\be_aas_reach.h">
      <Filter>botlib</Filter>
    </ClInclude>
    <ClInclude Include="..\..\code\botlib\be_aas_route.h">
      <Filter>botlib</Filter>
    </ClInclude>
    <ClInclude Include="..\..\code\botlib\be_aas_routealt.h">
      <Filter>botlib</Filter>
    </ClInclude>
    <ClInclude Include="..\..\code\botlib\be_aas_sample.h">
      <Filter>botlib</Filter>
    </ClInclude>
    <ClInclude Include="..\..\code\botlib\be_ai_weight.h">
      <Filter>botlib</Filter>
    </ClInclude>
    <ClInclude Include="..\..\code\botlib\be_interface.h">
      <Filter>botlib</Filter>
    </ClInclude>
    <ClInclude Include="..\..\code\botlib\l_utils.h">
      <Filter>botlib</Filter>
    </ClInclude>
    <ClInclude Include="..\..\code\botlib\l_crc.h">
      <Filter>botlib</Filter>
    </ClInclude>
    <ClInclude Include="..\..\code\botlib\l_libvar.h">
      <Filter>botlib</Filter>
    </ClInclude>
    <ClInclude Include="..\..\code\botlib\l_log.h">
      <Filter>botlib</Filter>
    </ClInclude>
    <ClInclude Include="..\..\code\botlib\l_memory.h">
      <Filter>botlib</Filter>
    </ClInclude>
    <ClInclude Include="..\..\code\botlib\l_precomp.h">
      <Filter>botlib</Filter>
    </ClInclude>
    <ClInclude Include="..\..\code\botlib\l_script.h">
      <Filter>botlib</Filter>
    </ClInclude>
    <ClInclude Include="..\..\code\botlib\l_struct.h">
      <Filter>botlib</Filter>
    </ClInclude>
    <ClInclude Include="..\..\code\jpeg-8c\jconfig.h">
      <Filter>jpeg</Filter>
    </ClInclude>
    <ClInclude Include="..\..\code\jpeg-8c\jdct.h">
      <Filter>jpeg</Filter>
    </ClInclude>
    <ClInclude Include="..\..\code\jpeg-8c\jerror.h">
      <Filter>jpeg</Filter>
    </ClInclude>
    <ClInclude Include="..\..\code\jpeg-8c\jinclude.h">
      <Filter>jpeg</Filter>
    </ClInclude>
    <ClInclude Include="..\..\code\jpeg-8c\jmemsys.h">
      <Filter>jpeg</Filter>
    </ClInclude>
    <ClInclude Include="..\..\code\jpeg-8c\jmorecfg.h">
      <Filter>jpeg</Filter>
    </ClInclude>
    <ClInclude Include="..\..\code\jpeg-8c\jpegint.h">
      <Filter>jpeg</Filter>
    </ClInclude>
    <ClInclude Include="..\..\code\jpeg-8c\jpeglib.h">
      <Filter>jpeg</Filter>
    </ClInclude>
    <ClInclude Include="..\..\code\jpeg-8c\jversion.h">
      <Filter>jpeg</Filter>
    </ClInclude>
    <ClInclude Include="..\..\code\renderergl2\tr_dsa.h">
      <Filter>renderergl2</Filter>
    </ClInclude>
    <ClInclude Include="..\..\code\renderergl2\tr_extramath.h">
      <Filter>renderergl2</Filter>
    </ClInclude>
    <ClInclude Include="..\..\code\renderergl2\tr_extratypes.h">
      <Filter>renderergl2</Filter>
    </ClInclude>
    <ClInclude Include="..\..\code\renderergl2\tr_fbo.h">
      <Filter>renderergl2</Filter>
    </ClInclude>
    <ClInclude Include="..\..\code\renderergl2\tr_local.h">
      <Filter>renderergl2</Filter>
    </ClInclude>
    <ClInclude Include="..\..\code\renderergl2\tr_postprocess.h">
      <Filter>renderergl2</Filter>
    </ClInclude>
    <ClInclude Include="..\..\code\renderercommon\iqm.h">
      <Filter>renderercommon</Filter>
    </ClInclude>
    <ClInclude Include="..\..\code\renderercommon\tr_common.h">
      <Filter>renderercommon</Filter>
    </ClInclude>
    <ClInclude Include="..\..\code\client\cl_curl.h">
      <Filter>client</Filter>
    </ClInclude>
    <ClInclude Include="..\..\code\client\client.h">
      <Filter>client</Filter>
    </ClInclude>
    <ClInclude Include="..\..\code\qcommon\cm_local.h">
      <Filter>qcommon</Filter>
    </ClInclude>
    <ClInclude Include="..\..\code\qcommon\cm_patch.h">
      <Filter>qcommon</Filter>
    </ClInclude>
    <ClInclude Include="..\..\code\qcommon\cm_polylib.h">
      <Filter>qcommon</Filter>
    </ClInclude>
    <ClInclude Include="..\..\code\qcommon\cm_public.h">
      <Filter>qcommon</Filter>
    </ClInclude>
    <ClInclude Include="..\..\code\qcommon\puff.h">
      <Filter>qcommon</Filter>
    </ClInclude>
    <ClInclude Include="..\..\code\qcommon\q_shared.h">
      <Filter>qcommon</Filter>
    </ClInclude>
    <ClInclude Include="..\..\code\qcommon\qcommon.h">
      <Filter>qcommon</Filter>
    </ClInclude>
    <ClInclude Include="..\..\code\qcommon\qfiles.h">
      <Filter>qcommon</Filter>
    </ClInclude>
    <ClInclude Include="..\..\code\qcommon\surfaceflags.h">
      <Filter>qcommon</Filter>
    </ClInclude>
    <ClInclude Include="..\..\code\qcommon\unzip.h">
      <Filter>qcommon</Filter>
    </ClInclude>
    <ClInclude Include="..\..\code\qcommon\vm_local.h">
      <Filter>qcommon</Filter>
    </ClInclude>
    <ClInclude Include="..\..\code\client\snd_local.h">
      <Filter>snd</Filter>
    </ClInclude>
    <ClInclude Include="..\..\code\client\snd_public.h">
      <Filter>snd</Filter>
    </ClInclude>
    <ClInclude Include="..\..\code\imgui\imconfig.h">
      <Filter>imgui</Filter>
    </ClInclude>
    <ClInclude Include="..\..\code\imgui\imgui.h">
      <Filter>imgui</Filter>
    </ClInclude>
    <ClInclude Include="..\..\code\imgui\imgui_internal.h">
      <Filter>imgui</Filter>
    </ClInclude>
    <ClInclude Include="..\..\code\imgui\imstb_rectpack.h">
      <Filter>imgui</Filter>
    </ClInclude>
    <ClInclude Include="..\..\code\imgui\imstb_textedit.h">
      <Filter>imgui</Filter>
    </ClInclude>
    <ClInclude Include="..\..\code\imgui\imstb_truetype.h">
      <Filter>imgui</Filter>
    </ClInclude>
    <ClInclude Include="..\..\code\imgui\imgui_impl_opengl3.h">
      <Filter>imgui</Filter>
    </ClInclude>
    <ClInclude Include="..\..\code\imgui\imgui_impl_sdl.h">
      <Filter>imgui</Filter>
    </ClInclude>
    <ClInclude Include="..\..\code\gl3w\GL\gl3w.h">
      <Filter>gl3w\GL</Filter>
    </ClInclude>
    <ClInclude Include="..\..\code\gl3w\GL\glcorearb.h">
      <Filter>gl3w\GL</Filter>
    </ClInclude>
    <ClInclude Include="..\..\code\imgui\imgui_api.h">
      <Filter>imgui</Filter>
    </ClInclude>
    <ClInclude Include="..\..\code\bullet\bullet_init.h">
      <Filter>bullet</Filter>
    </ClInclude>
  </ItemGroup>
  <ItemGroup>
    <CustomBuild Include="..\..\code\asm\ftola.asm" />
    <CustomBuild Include="..\..\code\asm\snapvector.asm" />
  </ItemGroup>
  <ItemGroup>
    <ResourceCompile Include="..\..\code\sys\win_resource.rc" />
  </ItemGroup>
  <ItemGroup>
    <Filter Include="opus">
      <UniqueIdentifier>{d6204e4b-159e-401d-a96a-3d1b72f5df0a}</UniqueIdentifier>
    </Filter>
    <Filter Include="opus\celt">
      <UniqueIdentifier>{c2fe2fed-c3c6-4bc8-9372-2db1a3d924f2}</UniqueIdentifier>
    </Filter>
    <Filter Include="opus\silk">
      <UniqueIdentifier>{722d3052-e380-4561-9e7a-c28529679f03}</UniqueIdentifier>
    </Filter>
    <Filter Include="opus\silk\float">
      <UniqueIdentifier>{315655da-209f-4733-bf40-e5ecc84dc00b}</UniqueIdentifier>
    </Filter>
    <Filter Include="botlib">
      <UniqueIdentifier>{6961d5c6-f671-48f2-ae60-25b4274d2f55}</UniqueIdentifier>
    </Filter>
    <Filter Include="zlib">
      <UniqueIdentifier>{896eb09e-4521-4061-8cba-7dbd49166a36}</UniqueIdentifier>
    </Filter>
    <Filter Include="jpeg">
      <UniqueIdentifier>{715577c0-2999-4ba4-8610-0ce59a2e9219}</UniqueIdentifier>
    </Filter>
    <Filter Include="dynamic">
      <UniqueIdentifier>{dc43f5e7-0034-4b6b-9394-0eb31ba997e2}</UniqueIdentifier>
    </Filter>
    <Filter Include="renderergl2">
      <UniqueIdentifier>{b5e50d6c-6c08-4ac7-b2ed-3dff09d8d1cf}</UniqueIdentifier>
    </Filter>
    <Filter Include="renderercommon">
      <UniqueIdentifier>{d164c2ba-d84a-41c2-a341-729b8bd4c0e3}</UniqueIdentifier>
    </Filter>
    <Filter Include="sdl2">
      <UniqueIdentifier>{86684880-5d1a-4288-b5e9-6c077dd2f60e}</UniqueIdentifier>
    </Filter>
    <Filter Include="client">
      <UniqueIdentifier>{a3bdfbfb-b169-483d-b45d-1d9a841bd37a}</UniqueIdentifier>
    </Filter>
    <Filter Include="qcommon">
      <UniqueIdentifier>{8692d186-7b2b-4eb4-bede-22f4dd73344d}</UniqueIdentifier>
    </Filter>
    <Filter Include="snd">
      <UniqueIdentifier>{be68365b-82fd-4f2e-8e79-0fa167231642}</UniqueIdentifier>
    </Filter>
    <Filter Include="sv">
      <UniqueIdentifier>{e3bc84d0-92cc-4345-acce-2195e57d2659}</UniqueIdentifier>
    </Filter>
    <Filter Include="imgui">
      <UniqueIdentifier>{fef90745-462c-4e69-abe8-71ef819e7b65}</UniqueIdentifier>
    </Filter>
    <Filter Include="gl3w">
      <UniqueIdentifier>{91d3afd8-d96f-4d5b-b62b-2fc75d2b49af}</UniqueIdentifier>
    </Filter>
    <Filter Include="gl3w\GL">
      <UniqueIdentifier>{d1dde15c-a3ee-47f2-bdbe-64ced8d44b4e}</UniqueIdentifier>
    </Filter>
    <Filter Include="bullet">
      <UniqueIdentifier>{3113bce6-dc33-4b97-8749-e2d321f8c25b}</UniqueIdentifier>
    </Filter>
  </ItemGroup>
</Project>